schema: '2.0'
stages:
  prepare:
    cmd: python src/prepare.py
    deps:
    - path: src/prepare.py
      hash: md5
      md5: 048f9f0cf19cb063cd61d4adbb88ac7f
      size: 1221
    outs:
    - path: data/processed
      hash: md5
      md5: ceaf974fa3e59534e76b0c7860994463.dir
      size: 220083362
      nfiles: 2
  train:
    cmd: python src/train.py
    deps:
    - path: data/processed
      hash: md5
      md5: ceaf974fa3e59534e76b0c7860994463.dir
      size: 220083362
      nfiles: 2
    - path: src/train.py
      hash: md5
      md5: 396cc4b4362b6ab5209165aac830d603
      size: 4659
    params:
      params.yaml:
        activation: gelu
        batch_size: 64
        epochs: 5
        lr: 0.001
        momentum: 0.9
        optimizer: sgd_momentum
    outs:
    - path: grad_stats.json
      hash: md5
      md5: ef27ce84c7f3bdf253dea34999af6481
      size: 183
    - path: metrics.json
      hash: md5
      md5: b14f060d38e679aa88d7b4572fb2248d
      size: 28
    - path: model.pt
      hash: md5
      md5: 475508a21ce6bee96e0a1cffe85731a1
      size: 56777
  predict:
    cmd: python src/predict.py
    deps:
    - path: data/processed/test.pt
      hash: md5
      md5: 0c88d311c92414204c9425d74e447890
      size: 31441677
    - path: model.pt
      hash: md5
      md5: 475508a21ce6bee96e0a1cffe85731a1
      size: 56777
    - path: src/predict.py
      hash: md5
      md5: ec99ceaa5a5d0d5e12f816cbaec2fca8
      size: 1088
    outs:
    - path: predictions.json
      hash: md5
      md5: a5a9d0219d753629ca250d0682589206
      size: 923
